
Microsoft Visual Studio Solution File, Format Version 12.00
# Visual Studio 2013
VisualStudioVersion = 12.0.30501.0
MinimumVisualStudioVersion = 10.0.40219.1
Project("{FAE04EC0-301F-11D3-BF4B-00C04F79EFBC}") = "evoSim-F", "evoSim-F\evoSim-F.csproj", "{DEBE1DAD-E311-4BA6-AE14-822DCD10083C}"
EndProject
Global
	GlobalSection(SolutionConfigurationPlatforms) = preSolution
		Debug|Any CPU = Debug|Any CPU
		Release|Any CPU = Release|Any CPU
	EndGlobalSection
	GlobalSection(ProjectConfigurationPlatforms) = postSolution
		{DEBE1DAD-E311-4BA6-AE14-822DCD10083C}.Debug|Any CPU.ActiveCfg = Debug|Any CPU
		{DEBE1DAD-E311-4BA6-AE14-822DCD10083C}.Debug|Any CPU.Build.0 = Debug|Any CPU
		{DEBE1DAD-E311-4BA6-AE14-822DCD10083C}.Release|Any CPU.ActiveCfg = Release|Any CPU
		{DEBE1DAD-E311-4BA6-AE14-822DCD10083C}.Release|Any CPU.Build.0 = Release|Any CPU
	EndGlobalSection
	GlobalSection(SolutionProperties) = preSolution
		HideSolutionNode = FALSE
	EndGlobalSection
EndGlobal
